
Microsoft Visual Studio Solution File, Format Version 12.00
Project("{FAE04EC0-301F-11D3-BF4B-00C04F79EFBC}") = "codegen-test", "codegen-test\codegen-test.csproj", "{2EABE93A-B8D7-4396-B568-0657C286202F}"
EndProject
Project("{FAE04EC0-301F-11D3-BF4B-00C04F79EFBC}") = "codegen-test-ui", "codegen-test-ui\codegen-test-ui.csproj", "{FBBB8215-7469-4405-8D54-D4141E66547C}"
EndProject
Global
	GlobalSection(SolutionConfigurationPlatforms) = preSolution
		Debug|Any CPU = Debug|Any CPU
		Release|Any CPU = Release|Any CPU
	EndGlobalSection
	GlobalSection(ProjectConfigurationPlatforms) = postSolution
		{2EABE93A-B8D7-4396-B568-0657C286202F}.Debug|Any CPU.ActiveCfg = Debug|Any CPU
		{2EABE93A-B8D7-4396-B568-0657C286202F}.Debug|Any CPU.Build.0 = Debug|Any CPU
		{2EABE93A-B8D7-4396-B568-0657C286202F}.Release|Any CPU.ActiveCfg = Release|Any CPU
		{2EABE93A-B8D7-4396-B568-0657C286202F}.Release|Any CPU.Build.0 = Release|Any CPU
		{FBBB8215-7469-4405-8D54-D4141E66547C}.Debug|Any CPU.ActiveCfg = Debug|Any CPU
		{FBBB8215-7469-4405-8D54-D4141E66547C}.Debug|Any CPU.Build.0 = Debug|Any CPU
		{FBBB8215-7469-4405-8D54-D4141E66547C}.Release|Any CPU.ActiveCfg = Release|Any CPU
		{FBBB8215-7469-4405-8D54-D4141E66547C}.Release|Any CPU.Build.0 = Release|Any CPU
	EndGlobalSection
EndGlobal
